github.com/blang/semver/v4 v4.0.0 h1:1PFHFE6yCCTv8C1TeyNNarDzntLi7wMI5i/pzqYIsAM=
github.com/blang/semver/v4 v4.0.0/go.mod h1:IbckMUScFkM3pff0VJDNKRiT6TG/YpiHIM2yvyW5YoQ=
github.com/go-log/log v0.2.0 h1:z8i91GBudxD5L3RmF0KVpetCbcGWAV7q1Tw1eRwQM9Q=
github.com/go-log/log v0.2.0/go.mod h1:xzCnwajcues/6w7lne3yK2QU7DBPW7kqbgPGG5AF65U=
github.com/google/go-cmp v0.5.9 h1:O2Tfq5qg4qc4AmwVlvv0oLiVAGB7enBSJ2x2DqQFi38=
github.com/google/go-cmp v0.5.9/go.mod h1:17dUlkBOakJ0+DkrSSNjCkIjxS6bF9zb3elmeNGIjoY=
github.com/google/go-containerregistry v0.20.2 h1:B1wPJ1SN/S7pB+ZAimcciVD+r+yV/l/DSArMxlbwseo=
github.com/google/go-containerregistry v0.20.2/go.mod h1:z38EKdKh4h7IP2gSfUUqEvalZBqs6AoLeWfUy34nQC8=
github.com/google/uuid v1.6.0 h1:NIvaJDMOsjHA8n1jAhLSgzrAzy1Hgr+hNrb57e+94F0=
github.com/google/uuid v1.6.0/go.mod h1:TIyPZe4MgqvfeYDBFedMoGGpEw/LqOeaOT+nhxU+yHo=
github.com/opencontainers/go-digest v1.0.0 h1:apOUWs51W5PlhuyGyz9FCeeBIOUDA/6nW8Oi/yOhh5U=
github.com/opencontainers/go-digest v1.0.0/go.mod h1:0JzlMkj0TRzQZfJkVvzbP0HBR3IKzErnv2BNG4W4MAM=
github.com/opencontainers/image-spec v1.1.0 h1:8SG7/vwALn54lVB/0yZ/MMwhFrPYtpEHQb2IpWsCzug=
github.com/opencontainers/image-spec v1.1.0/go.mod h1:W4s4sFTMaBeK1BQLXbG4AdM2szdn85PY75RI83NrTrM=
github.com/pmezard/go-difflib v1.0.0 h1:4DBwDE0NGyQoBHbLQYPwSUPoCMWR5BEzIk/f1lZbAQM=
github.com/pmezard/go-difflib v1.0.0/go.mod h1:iKH77koFhYxTK1pcRnkKkqfTogsbg7gZNVY4sRDYZ/4=
github.com/sebdah/goldie/v2 v2.5.5 h1:rx1mwF95RxZ3/83sdS4Yp7t2C5TCokvWP4TBRbAyEWY=
github.com/sebdah/goldie/v2 v2.5.5/go.mod h1:oZ9fp0+se1eapSRjfYbsV/0Hqhbuu3bJVvKI/NNtssI=
github.com/sergi/go-diff v1.2.0 h1:XU+rvMAioB0UC3q1MFrIQy4Vo5/4VsRDQQXHsEya6xQ=
github.com/sergi/go-diff v1.2.0/go.mod h1:STckp+ISIX8hZLjrqAeVduY0gWCT9IjLuqbuNXdaHfM=
github.com/sylabs/json-resp v0.9.4 h1:gFvnPdfrBUQgTAFKcxW8VOTfFdj/eOwBrwSG76BwiCw=
github.com/sylabs/json-resp v0.9.4/go.mod h1:Q9X4wRlZNPv3x76KaL8vTCBO4aC/DP2gh13xdtEqd1g=
github.com/sylabs/sif/v2 v2.20.1 h1:vzCj6ID8kwQV1OME+bTjEC8J2l/0NQsJVH1PehRg7p4=
github.com/sylabs/sif/v2 v2.20.1/go.mod h1:l3o3KPnvqvmXEPX4EC457HnxJXEGztdjWQVJKHt0u7w=
golang.org/x/sync v0.10.0 h1:3NQrjDixjgGwUOCaF8w2+VYHv0Ve/vGYSbdkTa98gmQ=
golang.org/x/sync v0.10.0/go.mod h1:Czt+wKu1gCyEFDUtn0jG5QVvpJ6rzVqr5aXyt9drQfk=
